<?xml version="1.0" encoding="utf-8"?>
<Project ToolsVersion="4.0" xmlns="http://schemas.microsoft.com/developer/msbuild/2003">
  <ItemGroup>
    <Filter Include="ソース ファイル">
      <UniqueIdentifier>{4FC737F1-C7A5-4376-A066-2A32D752A2FF}</UniqueIdentifier>
      <Extensions>cpp;c;cc;cxx;def;odl;idl;hpj;bat;asm;asmx</Extensions>
    </Filter>
    <Filter Include="ソース ファイル\TsOS">
      <UniqueIdentifier>{1c0703f2-319b-474f-bca4-6a314481666a}</UniqueIdentifier>
    </Filter>
    <Filter Include="ソース ファイル\TsUT">
      <UniqueIdentifier>{845eb69e-2939-4b4c-9186-d4ce7d2aaac0}</UniqueIdentifier>
    </Filter>
    <Filter Include="ソース ファイル\TsCore">
      <UniqueIdentifier>{38f72f5e-a336-413d-9774-d8210cfd80e9}</UniqueIdentifier>
    </Filter>
    <Filter Include="ソース ファイル\TsGfx">
      <UniqueIdentifier>{4b1166c1-55c4-4ab0-8e94-b463131f087f}</UniqueIdentifier>
    </Filter>
    <Filter Include="ソース ファイル\TsMath">
      <UniqueIdentifier>{cc271caa-86bc-4a9b-abdf-fee2fbce3d2e}</UniqueIdentifier>
    </Filter>
    <Filter Include="ソース ファイル\TsUT\Source">
      <UniqueIdentifier>{04256f71-cd1f-4a7e-8bff-4c67bb9e345d}</UniqueIdentifier>
    </Filter>
    <Filter Include="ソース ファイル\Extern">
      <UniqueIdentifier>{414bc1ee-6f98-4c77-974a-df952609270f}</UniqueIdentifier>
    </Filter>
    <Filter Include="ソース ファイル\Extern\DirectXTex">
      <UniqueIdentifier>{e8b3b380-766d-4bb0-8fb8-09f514fad94b}</UniqueIdentifier>
    </Filter>
    <Filter Include="ソース ファイル\TsGfx\Source">
      <UniqueIdentifier>{570d6bc1-587e-4c78-9048-20533896b1d6}</UniqueIdentifier>
    </Filter>
    <Filter Include="ソース ファイル\Extern\xna">
      <UniqueIdentifier>{e676ff0c-5b6e-4469-b040-64755b8bd2d4}</UniqueIdentifier>
    </Filter>
    <Filter Include="ソース ファイル\TsGfx\hlsl">
      <UniqueIdentifier>{d100737a-3b60-4b11-951b-954e107ddce7}</UniqueIdentifier>
    </Filter>
    <Filter Include="ソース ファイル\TsGfx\hlsl\Forward">
      <UniqueIdentifier>{9d10f560-3194-4c83-b059-ff694e6ca5cd}</UniqueIdentifier>
    </Filter>
    <Filter Include="ソース ファイル\TsGfx\hlsl\GBuffer">
      <UniqueIdentifier>{cd4d7d55-ea2b-428a-91d1-72ed887c00a1}</UniqueIdentifier>
    </Filter>
    <Filter Include="ソース ファイル\TsGfx\hlsl\Deffered">
      <UniqueIdentifier>{44d1775b-69e5-4bdb-afa0-d2e1ff5d8d00}</UniqueIdentifier>
    </Filter>
    <Filter Include="ソース ファイル\TsGfx\hlsl\ScreenSpace">
      <UniqueIdentifier>{cd19862f-2d20-4225-87f3-259df1a6939e}</UniqueIdentifier>
    </Filter>
    <Filter Include="ソース ファイル\TsMath\Source">
      <UniqueIdentifier>{4779cf6f-17a9-4787-b636-3c14ee61b52a}</UniqueIdentifier>
    </Filter>
    <Filter Include="ソース ファイル\TsUT\Header">
      <UniqueIdentifier>{85baf0bc-33fb-40b5-8562-9b7c731bba61}</UniqueIdentifier>
    </Filter>
    <Filter Include="ソース ファイル\TsMath\Header">
      <UniqueIdentifier>{9c57032e-b4de-42c3-9381-8887e457b447}</UniqueIdentifier>
    </Filter>
    <Filter Include="ソース ファイル\TsGfx\Header">
      <UniqueIdentifier>{398645ec-1815-4d20-b85f-82e6459b1ef2}</UniqueIdentifier>
    </Filter>
    <Filter Include="ソース ファイル\TsCore\Source">
      <UniqueIdentifier>{3f0ec62e-362a-40d0-b0b1-cfa7bb1669bb}</UniqueIdentifier>
    </Filter>
    <Filter Include="ソース ファイル\TsCore\Header">
      <UniqueIdentifier>{be827a80-76d3-4a5c-8c2d-5c548a8ed132}</UniqueIdentifier>
    </Filter>
  </ItemGroup>
  <ItemGroup>
    <ClCompile Include="TSWinEntryPoint.cpp">
      <Filter>ソース ファイル</Filter>
    </ClCompile>
    <ClCompile Include="Source\TsOS\TsWindowsUtility.cpp">
      <Filter>ソース ファイル\TsOS</Filter>
    </ClCompile>
    <ClCompile Include="Source\TsUT\TsBinaryFile.cpp">
      <Filter>ソース ファイル\TsUT\Source</Filter>
    </ClCompile>
    <ClCompile Include="Source\TSUT\TsLogger.cpp">
      <Filter>ソース ファイル\TsUT\Source</Filter>
    </ClCompile>
    <ClCompile Include="Extern\DirectXTex\WICTextureLoader.cpp">
      <Filter>ソース ファイル\Extern\DirectXTex</Filter>
    </ClCompile>
    <ClCompile Include="Source\TsGfx\TsDevice.cpp">
      <Filter>ソース ファイル\TsGfx\Source</Filter>
    </ClCompile>
    <ClCompile Include="Source\TsGfx\TsDeviceContext.cpp">
      <Filter>ソース ファイル\TsGfx\Source</Filter>
    </ClCompile>
    <ClCompile Include="Source\TsGfx\TsDirectXTex.cpp">
      <Filter>ソース ファイル\TsGfx\Source</Filter>
    </ClCompile>
    <ClCompile Include="Source\TsGfx\TsRenderTarget.cpp">
      <Filter>ソース ファイル\TsGfx\Source</Filter>
    </ClCompile>
    <ClCompile Include="Source\TsGfx\TsGfxRenderSystem.cpp">
      <Filter>ソース ファイル\TsGfx\Source</Filter>
    </ClCompile>
    <ClCompile Include="Source\TsUT\TsMeshLoader.cpp">
      <Filter>ソース ファイル\TsUT\Source</Filter>
    </ClCompile>
    <ClCompile Include="Source\TsGfx\TsDepthStencil.cpp">
      <Filter>ソース ファイル\TsGfx\Source</Filter>
    </ClCompile>
    <ClCompile Include="Source\TsMath\TsQuaternion.cpp">
      <Filter>ソース ファイル\TsMath\Source</Filter>
    </ClCompile>
    <ClCompile Include="Source\TsMath\TsMatrix.cpp">
      <Filter>ソース ファイル\TsMath\Source</Filter>
    </ClCompile>
    <ClCompile Include="Source\TsMath\TsVector2.cpp">
      <Filter>ソース ファイル\TsMath\Source</Filter>
    </ClCompile>
    <ClCompile Include="Source\TsMath\TsTransForm.cpp">
      <Filter>ソース ファイル\TsMath\Source</Filter>
    </ClCompile>
    <ClCompile Include="Source\TsMath\TsVector3.cpp">
      <Filter>ソース ファイル\TsMath\Source</Filter>
    </ClCompile>
    <ClCompile Include="Source\TsMath\TsVector4.cpp">
      <Filter>ソース ファイル\TsMath\Source</Filter>
    </ClCompile>
    <ClCompile Include="Source\TsUT\TsResouceManager.cpp">
      <Filter>ソース ファイル\TsUT\Source</Filter>
    </ClCompile>
    <ClCompile Include="Source\TsGfx\TsGfxResourceManager.cpp">
      <Filter>ソース ファイル\TsGfx\Source</Filter>
    </ClCompile>
    <ClCompile Include="Source\TsCore\TsSingleton.cpp">
      <Filter>ソース ファイル\TsCore\Source</Filter>
    </ClCompile>
  </ItemGroup>
  <ItemGroup>
    <ClInclude Include="TSWinEntryPoint.h">
      <Filter>ソース ファイル</Filter>
    </ClInclude>
    <ClInclude Include="Source\TsOS\TsWindowsUtility.h">
      <Filter>ソース ファイル\TsOS</Filter>
    </ClInclude>
    <ClInclude Include="Extern\DirectXTex\WICTextureLoader.h">
      <Filter>ソース ファイル\Extern\DirectXTex</Filter>
    </ClInclude>
    <ClInclude Include="Source\TsGfx\TsShader.cpp">
      <Filter>ソース ファイル\TsGfx\Source</Filter>
    </ClInclude>
    <ClInclude Include="Extern\xna\Xna.h">
      <Filter>ソース ファイル\Extern\xna</Filter>
    </ClInclude>
    <ClInclude Include="Extern\xna\xnamath.h">
      <Filter>ソース ファイル\Extern\xna</Filter>
    </ClInclude>
    <ClInclude Include="Source\TsGfx\TsDepthStencil.h">
      <Filter>ソース ファイル\TsGfx\Header</Filter>
    </ClInclude>
    <ClInclude Include="Source\TsGfx\TsDevice.h">
      <Filter>ソース ファイル\TsGfx\Header</Filter>
    </ClInclude>
    <ClInclude Include="Source\TsGfx\TsDeviceContext.h">
      <Filter>ソース ファイル\TsGfx\Header</Filter>
    </ClInclude>
    <ClInclude Include="Source\TsGfx\TsDirectXTex.h">
      <Filter>ソース ファイル\TsGfx\Header</Filter>
    </ClInclude>
    <ClInclude Include="Source\TsGfx\TsDx11.h">
      <Filter>ソース ファイル\TsGfx\Header</Filter>
    </ClInclude>
    <ClInclude Include="Source\TsGfx\TsGfx.h">
      <Filter>ソース ファイル\TsGfx\Header</Filter>
    </ClInclude>
    <ClInclude Include="Source\TsGfx\TsGfxRenderSystem.h">
      <Filter>ソース ファイル\TsGfx\Header</Filter>
    </ClInclude>
    <ClInclude Include="Source\TsGfx\TsRenderTarget.h">
      <Filter>ソース ファイル\TsGfx\Header</Filter>
    </ClInclude>
    <ClInclude Include="Source\TsGfx\TsResourceDesc.h">
      <Filter>ソース ファイル\TsGfx\Header</Filter>
    </ClInclude>
    <ClInclude Include="Source\TsGfx\TsShader.h">
      <Filter>ソース ファイル\TsGfx\Header</Filter>
    </ClInclude>
    <ClInclude Include="Source\TsGfx\TsShaderEffect.h">
      <Filter>ソース ファイル\TsGfx\Header</Filter>
    </ClInclude>
    <ClInclude Include="Source\TsGfx\TsShaderUT.h">
      <Filter>ソース ファイル\TsGfx\Header</Filter>
    </ClInclude>
    <ClInclude Include="Source\TsGfx\TsTexture.h">
      <Filter>ソース ファイル\TsGfx\Header</Filter>
    </ClInclude>
    <ClInclude Include="Source\TsGfx\TsVertex.h">
      <Filter>ソース ファイル\TsGfx\Header</Filter>
    </ClInclude>
    <ClInclude Include="Source\TsMath\TsMatrix.h">
      <Filter>ソース ファイル\TsMath\Header</Filter>
    </ClInclude>
    <ClInclude Include="Source\TsMath\TsQuaternion.h">
      <Filter>ソース ファイル\TsMath\Header</Filter>
    </ClInclude>
    <ClInclude Include="Source\TsMath\TsTransForm.h">
      <Filter>ソース ファイル\TsMath\Header</Filter>
    </ClInclude>
    <ClInclude Include="Source\TsMath\TsVector.h">
      <Filter>ソース ファイル\TsMath\Header</Filter>
    </ClInclude>
    <ClInclude Include="Source\TSUT\TsArrayType.h">
      <Filter>ソース ファイル\TsUT\Header</Filter>
    </ClInclude>
    <ClInclude Include="Source\TsUT\TsBinaryFile.h">
      <Filter>ソース ファイル\TsUT\Header</Filter>
    </ClInclude>
    <ClInclude Include="Source\TsUT\TsFileUT.h">
      <Filter>ソース ファイル\TsUT\Header</Filter>
    </ClInclude>
    <ClInclude Include="Source\TsUT\TsHelper.h">
      <Filter>ソース ファイル\TsUT\Header</Filter>
    </ClInclude>
    <ClInclude Include="Source\TSUT\TsLogger.h">
      <Filter>ソース ファイル\TsUT\Header</Filter>
    </ClInclude>
    <ClInclude Include="Source\TsUT\TsMeshLoader.h">
      <Filter>ソース ファイル\TsUT\Header</Filter>
    </ClInclude>
    <ClInclude Include="Source\TSUT\TsType.h">
      <Filter>ソース ファイル\TsUT\Header</Filter>
    </ClInclude>
    <ClInclude Include="Source\TSUT\TsUT.h">
      <Filter>ソース ファイル\TsUT\Header</Filter>
    </ClInclude>
    <ClInclude Include="Source\TsUT\TsResouceManager.h">
      <Filter>ソース ファイル\TsUT\Header</Filter>
    </ClInclude>
    <ClInclude Include="Source\TsGfx\TsGfxResourceManager.h">
      <Filter>ソース ファイル\TsGfx\Header</Filter>
    </ClInclude>
    <ClInclude Include="Source\TsCore\TsSingleton.h">
      <Filter>ソース ファイル\TsCore\Header</Filter>
    </ClInclude>
    <ClInclude Include="Source\TsCore\TsCore.h">
      <Filter>ソース ファイル\TsCore\Header</Filter>
    </ClInclude>
    <ClInclude Include="Source\TsCore\ITsHasStaticListObject.h">
      <Filter>ソース ファイル\TsCore\Header</Filter>
    </ClInclude>
  </ItemGroup>
  <ItemGroup>
    <None Include="Extern\xna\xnamathconvert.inl">
      <Filter>ソース ファイル\Extern\xna</Filter>
    </None>
    <None Include="Extern\xna\xnamathmatrix.inl">
      <Filter>ソース ファイル\Extern\xna</Filter>
    </None>
    <None Include="Extern\xna\xnamathmisc.inl">
      <Filter>ソース ファイル\Extern\xna</Filter>
    </None>
    <None Include="Extern\xna\xnamathvector.inl">
      <Filter>ソース ファイル\Extern\xna</Filter>
    </None>
    <None Include="Source\TsGfx\hlsl\TsDefaultShading_Common.hlsli">
      <Filter>ソース ファイル\TsGfx\hlsl</Filter>
    </None>
    <None Include="Source\TsGfx\hlsl\ScreenSpace\TsSS_common.hlsli">
      <Filter>ソース ファイル\TsGfx\hlsl\ScreenSpace</Filter>
    </None>
    <None Include="Source\TsGfx\hlsl\TsMath.hlsli">
      <Filter>ソース ファイル\TsGfx\hlsl</Filter>
    </None>
  </ItemGroup>
  <ItemGroup>
    <FxCompile Include="Source\TsGfx\hlsl\ScreenSpace\TsSSBlendPS.hlsl">
      <Filter>ソース ファイル\TsGfx\hlsl\ScreenSpace</Filter>
    </FxCompile>
    <FxCompile Include="Source\TsGfx\hlsl\ScreenSpace\TsSSDefaultVS.hlsl">
      <Filter>ソース ファイル\TsGfx\hlsl\ScreenSpace</Filter>
    </FxCompile>
    <FxCompile Include="Source\TsGfx\hlsl\ScreenSpace\TsSSAddPS.hlsl">
      <Filter>ソース ファイル\TsGfx\hlsl\ScreenSpace</Filter>
    </FxCompile>
    <FxCompile Include="Source\TsGfx\hlsl\ScreenSpace\TsSSToneMappingPS.hlsl">
      <Filter>ソース ファイル\TsGfx\hlsl\ScreenSpace</Filter>
    </FxCompile>
    <FxCompile Include="Source\TsGfx\hlsl\ScreenSpace\TsSSBlendEdgePS.hlsl">
      <Filter>ソース ファイル\TsGfx\hlsl\ScreenSpace</Filter>
    </FxCompile>
  </ItemGroup>
</Project>