<?xml version="1.0" encoding="utf-8"?>
<Project ToolsVersion="4.0" xmlns="http://schemas.microsoft.com/developer/msbuild/2003">
  <ItemGroup>
    <Filter Include="ソース ファイル">
      <UniqueIdentifier>{4FC737F1-C7A5-4376-A066-2A32D752A2FF}</UniqueIdentifier>
      <Extensions>cpp;c;cc;cxx;def;odl;idl;hpj;bat;asm;asmx</Extensions>
    </Filter>
    <Filter Include="ヘッダー ファイル">
      <UniqueIdentifier>{93995380-89BD-4b04-88EB-625FBE52EBFB}</UniqueIdentifier>
      <Extensions>h;hh;hpp;hxx;hm;inl;inc;xsd</Extensions>
    </Filter>
    <Filter Include="リソース ファイル">
      <UniqueIdentifier>{67DA6AB6-F800-4c08-8B7A-83BB121AAD01}</UniqueIdentifier>
      <Extensions>rc;ico;cur;bmp;dlg;rc2;rct;bin;rgs;gif;jpg;jpeg;jpe;resx;tiff;tif;png;wav;mfcribbon-ms</Extensions>
    </Filter>
    <Filter Include="ソース ファイル\TsOS">
      <UniqueIdentifier>{1c0703f2-319b-474f-bca4-6a314481666a}</UniqueIdentifier>
    </Filter>
    <Filter Include="ソース ファイル\TsUT">
      <UniqueIdentifier>{845eb69e-2939-4b4c-9186-d4ce7d2aaac0}</UniqueIdentifier>
    </Filter>
    <Filter Include="ソース ファイル\TsCore">
      <UniqueIdentifier>{38f72f5e-a336-413d-9774-d8210cfd80e9}</UniqueIdentifier>
    </Filter>
    <Filter Include="ソース ファイル\TsGfx">
      <UniqueIdentifier>{4b1166c1-55c4-4ab0-8e94-b463131f087f}</UniqueIdentifier>
    </Filter>
    <Filter Include="ソース ファイル\TsMath">
      <UniqueIdentifier>{cc271caa-86bc-4a9b-abdf-fee2fbce3d2e}</UniqueIdentifier>
    </Filter>
    <Filter Include="ソース ファイル\TsUT\Source">
      <UniqueIdentifier>{04256f71-cd1f-4a7e-8bff-4c67bb9e345d}</UniqueIdentifier>
    </Filter>
    <Filter Include="ソース ファイル\Extern">
      <UniqueIdentifier>{414bc1ee-6f98-4c77-974a-df952609270f}</UniqueIdentifier>
    </Filter>
    <Filter Include="ソース ファイル\Extern\DirectXTex">
      <UniqueIdentifier>{e8b3b380-766d-4bb0-8fb8-09f514fad94b}</UniqueIdentifier>
    </Filter>
    <Filter Include="ソース ファイル\TsGfx\Source">
      <UniqueIdentifier>{570d6bc1-587e-4c78-9048-20533896b1d6}</UniqueIdentifier>
    </Filter>
    <Filter Include="ソース ファイル\Extern\xna">
      <UniqueIdentifier>{e676ff0c-5b6e-4469-b040-64755b8bd2d4}</UniqueIdentifier>
    </Filter>
    <Filter Include="ソース ファイル\TsGfx\hlsl">
      <UniqueIdentifier>{d100737a-3b60-4b11-951b-954e107ddce7}</UniqueIdentifier>
    </Filter>
    <Filter Include="ソース ファイル\TsGfx\hlsl\Forward">
      <UniqueIdentifier>{9d10f560-3194-4c83-b059-ff694e6ca5cd}</UniqueIdentifier>
    </Filter>
    <Filter Include="ソース ファイル\TsGfx\hlsl\GBuffer">
      <UniqueIdentifier>{cd4d7d55-ea2b-428a-91d1-72ed887c00a1}</UniqueIdentifier>
    </Filter>
    <Filter Include="ソース ファイル\TsGfx\hlsl\ScreenSpace">
      <UniqueIdentifier>{cd19862f-2d20-4225-87f3-259df1a6939e}</UniqueIdentifier>
    </Filter>
    <Filter Include="ソース ファイル\TsMath\Source">
      <UniqueIdentifier>{4779cf6f-17a9-4787-b636-3c14ee61b52a}</UniqueIdentifier>
    </Filter>
    <Filter Include="ソース ファイル\TsUT\Header">
      <UniqueIdentifier>{85baf0bc-33fb-40b5-8562-9b7c731bba61}</UniqueIdentifier>
    </Filter>
    <Filter Include="ソース ファイル\TsMath\Header">
      <UniqueIdentifier>{9c57032e-b4de-42c3-9381-8887e457b447}</UniqueIdentifier>
    </Filter>
    <Filter Include="ソース ファイル\TsGfx\Source\Material">
      <UniqueIdentifier>{08d342b6-1666-4623-b57a-2d797eb67786}</UniqueIdentifier>
    </Filter>
    <Filter Include="ソース ファイル\TsGfx\Source\Light">
      <UniqueIdentifier>{b3171787-cfc6-47ba-9b64-5b42c01fcf21}</UniqueIdentifier>
    </Filter>
    <Filter Include="ソース ファイル\Extern\XML">
      <UniqueIdentifier>{06a1122b-8fb3-4aa3-a031-66165e58c6cb}</UniqueIdentifier>
    </Filter>
    <Filter Include="ソース ファイル\TsUT\Interface">
      <UniqueIdentifier>{e0912c52-7116-4bd5-9432-6cc2f5706d11}</UniqueIdentifier>
    </Filter>
    <Filter Include="ソース ファイル\TsGfx\Source\ShadowMap">
      <UniqueIdentifier>{86f60c9d-ebb5-4c92-9fa2-cb173569463d}</UniqueIdentifier>
    </Filter>
    <Filter Include="ソース ファイル\TsGfx\hlsl\ScreenSpace\VertexShader">
      <UniqueIdentifier>{f578793f-e2c9-4afb-8e21-5ea42996376f}</UniqueIdentifier>
    </Filter>
    <Filter Include="ソース ファイル\TsGfx\hlsl\ScreenSpace\PixelShader">
      <UniqueIdentifier>{a1e6e464-253f-4b9d-9df5-e64cd19e139e}</UniqueIdentifier>
    </Filter>
    <Filter Include="ソース ファイル\TsGfx\hlsl\ScreenSpace\Header">
      <UniqueIdentifier>{058ada1d-eec0-4ee4-a780-5c091282ac82}</UniqueIdentifier>
    </Filter>
    <Filter Include="ソース ファイル\TsGfx\hlsl\Header">
      <UniqueIdentifier>{01d6e16e-6f47-4b79-8ecd-d220d178a198}</UniqueIdentifier>
    </Filter>
    <Filter Include="ソース ファイル\TsGfx\Source\Animation">
      <UniqueIdentifier>{f117d571-2a32-46c6-97c1-b687a76bb675}</UniqueIdentifier>
    </Filter>
    <Filter Include="ソース ファイル\TsGfx\Source\BufferResource">
      <UniqueIdentifier>{3179f7ee-5dae-47b5-b079-1569c5ea182b}</UniqueIdentifier>
    </Filter>
    <Filter Include="ソース ファイル\TsGfx\Source\Camera">
      <UniqueIdentifier>{f2119bc8-afab-4a0e-8d17-f1176962aadd}</UniqueIdentifier>
    </Filter>
    <Filter Include="ソース ファイル\TsGfx\Source\Core">
      <UniqueIdentifier>{3da6e04b-708d-4375-860f-9c685ba3216d}</UniqueIdentifier>
    </Filter>
    <Filter Include="ソース ファイル\TsGfx\Source\ExtLibs">
      <UniqueIdentifier>{a987c3ef-b726-4862-8036-009ae9a6332e}</UniqueIdentifier>
    </Filter>
    <Filter Include="ソース ファイル\TsGfx\Source\Geometry">
      <UniqueIdentifier>{349cd484-d052-46f7-bc6e-12565f05289d}</UniqueIdentifier>
    </Filter>
    <Filter Include="ソース ファイル\TsGfx\Source\RenderSystem">
      <UniqueIdentifier>{82e968bd-94f5-43ca-b85a-e6a2ad0d1f93}</UniqueIdentifier>
    </Filter>
    <Filter Include="ソース ファイル\TsGfx\Source\Shader">
      <UniqueIdentifier>{e5ff02a5-371a-41f3-84a2-46147b6cc97a}</UniqueIdentifier>
    </Filter>
    <Filter Include="ソース ファイル\TsGfx\Source\ShaderResource">
      <UniqueIdentifier>{78a82e3c-9ba4-4350-b558-b3fd76eaa33c}</UniqueIdentifier>
    </Filter>
    <Filter Include="ソース ファイル\TsUT\Loader">
      <UniqueIdentifier>{b3389a10-fe74-467a-a7f0-2d25e7d44826}</UniqueIdentifier>
    </Filter>
    <Filter Include="ソース ファイル\TsUT\Loader\Fbx">
      <UniqueIdentifier>{d1f5883b-f8cf-4658-9459-209f28aaed0f}</UniqueIdentifier>
    </Filter>
    <Filter Include="ソース ファイル\TsUT\Loader\Fbx\header">
      <UniqueIdentifier>{d55555ed-c169-4fc0-8623-6bbc6a298e18}</UniqueIdentifier>
    </Filter>
    <Filter Include="ソース ファイル\TsUT\Loader\Fbx\source">
      <UniqueIdentifier>{2d957d5c-7289-4049-a6fb-56345648818b}</UniqueIdentifier>
    </Filter>
    <Filter Include="ソース ファイル\TsUT\Loader\X">
      <UniqueIdentifier>{0240c516-31ac-4bcb-8e45-744bd12681c6}</UniqueIdentifier>
    </Filter>
    <Filter Include="ソース ファイル\TsUT\Loader\Dae">
      <UniqueIdentifier>{2da08c14-831e-44d0-ba5d-58dc8832fee3}</UniqueIdentifier>
    </Filter>
    <Filter Include="ソース ファイル\TsUT\Loader\Xml">
      <UniqueIdentifier>{9e2a7f6c-69ae-412b-b177-e054e2bb3306}</UniqueIdentifier>
    </Filter>
    <Filter Include="ソース ファイル\TsUT\Loader\Mqo">
      <UniqueIdentifier>{b4f566b0-ebc1-4447-bf6f-d14688632ef2}</UniqueIdentifier>
    </Filter>
    <Filter Include="ソース ファイル\Resource">
      <UniqueIdentifier>{a357c4ad-0d93-4567-8566-add426fcce00}</UniqueIdentifier>
    </Filter>
    <Filter Include="ソース ファイル\Resource\RenderSystem">
      <UniqueIdentifier>{668462fc-bd60-4c3d-86bf-cb67de4deac9}</UniqueIdentifier>
    </Filter>
    <Filter Include="ソース ファイル\Resource\ShaderFlow">
      <UniqueIdentifier>{26efbc50-bc99-4ca8-8a0e-76155cba1e34}</UniqueIdentifier>
    </Filter>
    <Filter Include="ソース ファイル\Resource\ShaderPackage">
      <UniqueIdentifier>{b42271de-ab5d-408a-9c54-ec08af53ea2b}</UniqueIdentifier>
    </Filter>
    <Filter Include="ソース ファイル\Resource\ShaderResource">
      <UniqueIdentifier>{c8ea68eb-a20c-4557-ae6f-8735241c86c4}</UniqueIdentifier>
    </Filter>
    <Filter Include="ソース ファイル\TsUT\Loader\obj">
      <UniqueIdentifier>{c8e5823c-0ec9-4bb2-9be1-9d7100adac29}</UniqueIdentifier>
    </Filter>
    <Filter Include="ソース ファイル\TsUT\Loader\stl">
      <UniqueIdentifier>{033891e1-6e3e-4db1-8a9f-0747e756407f}</UniqueIdentifier>
    </Filter>
    <Filter Include="ソース ファイル\TsUT\Loader\hdr">
      <UniqueIdentifier>{0024eae8-70bf-44c4-bc34-5736c7612e35}</UniqueIdentifier>
    </Filter>
    <Filter Include="ソース ファイル\TsUT\Loader\base">
      <UniqueIdentifier>{d50eccbf-2d82-4029-87d0-b53d9190a455}</UniqueIdentifier>
    </Filter>
    <Filter Include="ソース ファイル\TsUT\TsBinalizer">
      <UniqueIdentifier>{7beb1d13-30cc-4f15-839b-ee220a916e37}</UniqueIdentifier>
    </Filter>
    <Filter Include="ソース ファイル\TsUT\Loader\ply">
      <UniqueIdentifier>{0ea532df-e8b3-4ae8-927d-99c77e5e1780}</UniqueIdentifier>
    </Filter>
    <Filter Include="ソース ファイル\TsGfx\hlsl\Paticle">
      <UniqueIdentifier>{cf27b9a1-0e79-4e91-9682-3e20e679dc22}</UniqueIdentifier>
    </Filter>
  </ItemGroup>
  <ItemGroup>
    <ClCompile Include="TSWinEntryPoint.cpp">
      <Filter>ソース ファイル</Filter>
    </ClCompile>
    <ClCompile Include="Source\TsOS\TsWindowsUtility.cpp">
      <Filter>ソース ファイル\TsOS</Filter>
    </ClCompile>
    <ClCompile Include="Source\TsUT\TsBinaryFile.cpp">
      <Filter>ソース ファイル\TsUT\Source</Filter>
    </ClCompile>
    <ClCompile Include="Source\TSUT\TsLogger.cpp">
      <Filter>ソース ファイル\TsUT\Source</Filter>
    </ClCompile>
    <ClCompile Include="Source\TsMath\TsQuaternion.cpp">
      <Filter>ソース ファイル\TsMath\Source</Filter>
    </ClCompile>
    <ClCompile Include="Source\TsMath\TsMatrix.cpp">
      <Filter>ソース ファイル\TsMath\Source</Filter>
    </ClCompile>
    <ClCompile Include="Source\TsMath\TsVector2.cpp">
      <Filter>ソース ファイル\TsMath\Source</Filter>
    </ClCompile>
    <ClCompile Include="Source\TsMath\TsTransForm.cpp">
      <Filter>ソース ファイル\TsMath\Source</Filter>
    </ClCompile>
    <ClCompile Include="Source\TsMath\TsVector3.cpp">
      <Filter>ソース ファイル\TsMath\Source</Filter>
    </ClCompile>
    <ClCompile Include="Source\TsMath\TsVector4.cpp">
      <Filter>ソース ファイル\TsMath\Source</Filter>
    </ClCompile>
    <ClCompile Include="Source\TsUT\TsNameObject.cpp">
      <Filter>ソース ファイル\TsUT\Source</Filter>
    </ClCompile>
    <ClCompile Include="Source\TsGfx\Material\TsMaterial.cpp">
      <Filter>ソース ファイル\TsGfx\Source\Material</Filter>
    </ClCompile>
    <ClCompile Include="Source\TsGfx\Light\TsLight.cpp">
      <Filter>ソース ファイル\TsGfx\Source\Light</Filter>
    </ClCompile>
    <ClCompile Include="Source\TsGfx\Material\TsScreeSpaceMaterial.cpp">
      <Filter>ソース ファイル\TsGfx\Source\Material</Filter>
    </ClCompile>
    <ClCompile Include="Source\TsCore\TsApplicationBase.cpp">
      <Filter>ソース ファイル\TsCore</Filter>
    </ClCompile>
    <ClCompile Include="Source\TsCore\TsResourceManager.cpp">
      <Filter>ソース ファイル\TsCore</Filter>
    </ClCompile>
    <ClCompile Include="Source\TsUT\TsFileUT.cpp">
      <Filter>ソース ファイル\TsUT\Source</Filter>
    </ClCompile>
    <ClCompile Include="Extern\XML\tinyxml2.cpp">
      <Filter>ソース ファイル\Extern\XML</Filter>
    </ClCompile>
    <ClCompile Include="TsAfx.cpp">
      <Filter>ソース ファイル</Filter>
    </ClCompile>
    <ClCompile Include="Source\TsMath\TsColor.cpp">
      <Filter>ソース ファイル\TsMath\Source</Filter>
    </ClCompile>
    <ClCompile Include="Source\TsGfx\ShadowMap\TsLisPSM.cpp">
      <Filter>ソース ファイル\TsGfx\Source\ShadowMap</Filter>
    </ClCompile>
    <ClCompile Include="Source\TsGfx\ShadowMap\TsShadowMapRenderer.cpp">
      <Filter>ソース ファイル\TsGfx\Source\ShadowMap</Filter>
    </ClCompile>
    <ClCompile Include="Source\TsMath\TsSphereMeshCreater.cpp">
      <Filter>ソース ファイル\TsMath\Source</Filter>
    </ClCompile>
    <ClCompile Include="Source\TsGfx\Animation\TsTransformBakeAnimation.cpp">
      <Filter>ソース ファイル\TsGfx\Source\Animation</Filter>
    </ClCompile>
    <ClCompile Include="Source\TsGfx\Camera\TsCamera.cpp">
      <Filter>ソース ファイル\TsGfx\Source\Camera</Filter>
    </ClCompile>
    <ClCompile Include="Source\TsGfx\Camera\TsViewport.cpp">
      <Filter>ソース ファイル\TsGfx\Source\Camera</Filter>
    </ClCompile>
    <ClCompile Include="Source\TsGfx\Core\TsDevice.cpp">
      <Filter>ソース ファイル\TsGfx\Source\Core</Filter>
    </ClCompile>
    <ClCompile Include="Source\TsGfx\Core\TsDeviceContext.cpp">
      <Filter>ソース ファイル\TsGfx\Source\Core</Filter>
    </ClCompile>
    <ClCompile Include="Source\TsGfx\Extlibs\TsDirectXTex.cpp">
      <Filter>ソース ファイル\TsGfx\Source\ExtLibs</Filter>
    </ClCompile>
    <ClCompile Include="Source\TsGfx\Geometry\TsMeshObject.cpp">
      <Filter>ソース ファイル\TsGfx\Source\Geometry</Filter>
    </ClCompile>
    <ClCompile Include="Source\TsGfx\Geometry\TsRenderGeometry.cpp">
      <Filter>ソース ファイル\TsGfx\Source\Geometry</Filter>
    </ClCompile>
    <ClCompile Include="Source\TsGfx\Geometry\TsScreenObject.cpp">
      <Filter>ソース ファイル\TsGfx\Source\Geometry</Filter>
    </ClCompile>
    <ClCompile Include="Source\TsGfx\Geometry\TsSkinGeometryObject.cpp">
      <Filter>ソース ファイル\TsGfx\Source\Geometry</Filter>
    </ClCompile>
    <ClCompile Include="Source\TsGfx\Geometry\TsVertexElement.cpp">
      <Filter>ソース ファイル\TsGfx\Source\Geometry</Filter>
    </ClCompile>
    <ClCompile Include="Source\TsGfx\Geometry\TsDrawObject.cpp">
      <Filter>ソース ファイル\TsGfx\Source\Geometry</Filter>
    </ClCompile>
    <ClCompile Include="Source\TsGfx\Geometry\TsGeometryObject.cpp">
      <Filter>ソース ファイル\TsGfx\Source\Geometry</Filter>
    </ClCompile>
    <ClCompile Include="Source\TsGfx\RenderSystem\TsDrawQueue.cpp">
      <Filter>ソース ファイル\TsGfx\Source\RenderSystem</Filter>
    </ClCompile>
    <ClCompile Include="Source\TsGfx\RenderSystem\TsRenderFlow.cpp">
      <Filter>ソース ファイル\TsGfx\Source\RenderSystem</Filter>
    </ClCompile>
    <ClCompile Include="Source\TsGfx\RenderSystem\TsRenderPass.cpp">
      <Filter>ソース ファイル\TsGfx\Source\RenderSystem</Filter>
    </ClCompile>
    <ClCompile Include="Source\TsGfx\RenderSystem\TsRenderSystem.cpp">
      <Filter>ソース ファイル\TsGfx\Source\RenderSystem</Filter>
    </ClCompile>
    <ClCompile Include="Source\TsGfx\RenderSystem\TsClearPass.cpp">
      <Filter>ソース ファイル\TsGfx\Source\RenderSystem</Filter>
    </ClCompile>
    <ClCompile Include="Source\TsGfx\Shader\TsShader.cpp">
      <Filter>ソース ファイル\TsGfx\Source\Shader</Filter>
    </ClCompile>
    <ClCompile Include="Source\TsGfx\Shader\TsShaderEffect.cpp">
      <Filter>ソース ファイル\TsGfx\Source\Shader</Filter>
    </ClCompile>
    <ClCompile Include="Source\TsGfx\Shader\TsShaderReflection.cpp">
      <Filter>ソース ファイル\TsGfx\Source\Shader</Filter>
    </ClCompile>
    <ClCompile Include="Source\TsGfx\ShaderResources\TsRasterizerState.cpp">
      <Filter>ソース ファイル\TsGfx\Source\ShaderResource</Filter>
    </ClCompile>
    <ClCompile Include="Source\TsGfx\ShaderResources\TsRenderTarget.cpp">
      <Filter>ソース ファイル\TsGfx\Source\ShaderResource</Filter>
    </ClCompile>
    <ClCompile Include="Source\TsGfx\ShaderResources\TsSamplerState.cpp">
      <Filter>ソース ファイル\TsGfx\Source\ShaderResource</Filter>
    </ClCompile>
    <ClCompile Include="Source\TsGfx\ShaderResources\TsShaderResource.cpp">
      <Filter>ソース ファイル\TsGfx\Source\ShaderResource</Filter>
    </ClCompile>
    <ClCompile Include="Source\TsGfx\ShaderResources\TsDepthStencilState.cpp">
      <Filter>ソース ファイル\TsGfx\Source\ShaderResource</Filter>
    </ClCompile>
    <ClCompile Include="Source\TsGfx\ShaderResources\TsDepthStencilView.cpp">
      <Filter>ソース ファイル\TsGfx\Source\ShaderResource</Filter>
    </ClCompile>
    <ClCompile Include="Source\TsGfx\BufferResources\TsBoneCBuffer.cpp">
      <Filter>ソース ファイル\TsGfx\Source\BufferResource</Filter>
    </ClCompile>
    <ClCompile Include="Source\TsGfx\BufferResources\TsCBuffer.cpp">
      <Filter>ソース ファイル\TsGfx\Source\BufferResource</Filter>
    </ClCompile>
    <ClCompile Include="Source\TsGfx\BufferResources\TsCommonCBuffer.cpp">
      <Filter>ソース ファイル\TsGfx\Source\BufferResource</Filter>
    </ClCompile>
    <ClCompile Include="Source\TsGfx\BufferResources\TsTransformCBuffer.cpp">
      <Filter>ソース ファイル\TsGfx\Source\BufferResource</Filter>
    </ClCompile>
    <ClCompile Include="Source\TsGfx\BufferResources\TsVertexBuffer.cpp">
      <Filter>ソース ファイル\TsGfx\Source\BufferResource</Filter>
    </ClCompile>
    <ClCompile Include="Source\TsUT\Loader\dae\TsColladaLoader.cpp">
      <Filter>ソース ファイル\TsUT\Loader\Dae</Filter>
    </ClCompile>
    <ClCompile Include="Source\TsUT\Loader\hdr\TsHDRTextureAnalizer.cpp">
      <Filter>ソース ファイル\TsUT\Loader\hdr</Filter>
    </ClCompile>
    <ClCompile Include="Source\TsUT\Loader\Mqo\TsMqoLoader.cpp">
      <Filter>ソース ファイル\TsUT\Loader\Mqo</Filter>
    </ClCompile>
    <ClCompile Include="Source\TsUT\Loader\x\TsXLoader.cpp">
      <Filter>ソース ファイル\TsUT\Loader\X</Filter>
    </ClCompile>
    <ClCompile Include="Source\TsUT\Loader\XML\TsXML.cpp">
      <Filter>ソース ファイル\TsUT\Loader\Xml</Filter>
    </ClCompile>
    <ClCompile Include="Source\TsUT\Loader\Fbx\TsFbxScene.cpp">
      <Filter>ソース ファイル\TsUT\Loader\Fbx\source</Filter>
    </ClCompile>
    <ClCompile Include="Source\TsUT\Loader\Fbx\TsFbxAfx.cpp">
      <Filter>ソース ファイル\TsUT\Loader\Fbx\source</Filter>
    </ClCompile>
    <ClCompile Include="Source\TsUT\Loader\Fbx\TsFbxAnimation.cpp">
      <Filter>ソース ファイル\TsUT\Loader\Fbx\source</Filter>
    </ClCompile>
    <ClCompile Include="Source\TsUT\Loader\Fbx\TsFbxBlendShape.cpp">
      <Filter>ソース ファイル\TsUT\Loader\Fbx\source</Filter>
    </ClCompile>
    <ClCompile Include="Source\TsUT\Loader\Fbx\TsFbxContext.cpp">
      <Filter>ソース ファイル\TsUT\Loader\Fbx\source</Filter>
    </ClCompile>
    <ClCompile Include="Source\TsUT\Loader\Fbx\TsFbxLoader.cpp">
      <Filter>ソース ファイル\TsUT\Loader\Fbx\source</Filter>
    </ClCompile>
    <ClCompile Include="Source\TsUT\Loader\Fbx\TsFbxMaterial.cpp">
      <Filter>ソース ファイル\TsUT\Loader\Fbx\source</Filter>
    </ClCompile>
    <ClCompile Include="Source\TsUT\Loader\Fbx\TsFbxMesh.cpp">
      <Filter>ソース ファイル\TsUT\Loader\Fbx\source</Filter>
    </ClCompile>
    <ClCompile Include="Source\TsUT\Loader\Fbx\TsFbxNode.cpp">
      <Filter>ソース ファイル\TsUT\Loader\Fbx\source</Filter>
    </ClCompile>
    <ClCompile Include="Source\TsGfx\Geometry\TsSkyBox.cpp">
      <Filter>ソース ファイル\TsGfx\Source\Geometry</Filter>
    </ClCompile>
    <ClCompile Include="Source\TsGfx\ShaderResources\TsBlendStae.cpp">
      <Filter>ソース ファイル\TsGfx\Source\ShaderResource</Filter>
    </ClCompile>
    <ClCompile Include="Source\TsGfx\BufferResources\TsLightSetCBuffer.cpp">
      <Filter>ソース ファイル\TsGfx\Source\BufferResource</Filter>
    </ClCompile>
    <ClCompile Include="Source\TsUT\Intarface\ITsHasTransform.cpp">
      <Filter>ソース ファイル\TsUT\Interface</Filter>
    </ClCompile>
    <ClCompile Include="Source\TsGfx\Light\TsSpotLight.cpp">
      <Filter>ソース ファイル\TsGfx\Source\Light</Filter>
    </ClCompile>
    <ClCompile Include="Source\TsGfx\Light\TsDirectionalLight.cpp">
      <Filter>ソース ファイル\TsGfx\Source\Light</Filter>
    </ClCompile>
    <ClCompile Include="Source\TsGfx\Light\TsPointLight.cpp">
      <Filter>ソース ファイル\TsGfx\Source\Light</Filter>
    </ClCompile>
    <ClCompile Include="Source\TsGfx\Geometry\TsPlaneObject.cpp">
      <Filter>ソース ファイル\TsGfx\Source\Geometry</Filter>
    </ClCompile>
    <ClCompile Include="Source\TsGfx\Material\TsDefaultMaterial.cpp">
      <Filter>ソース ファイル\TsGfx\Source\Material</Filter>
    </ClCompile>
    <ClCompile Include="Source\TsMath\TsBone.cpp">
      <Filter>ソース ファイル\TsMath\Source</Filter>
    </ClCompile>
    <ClCompile Include="Source\TsMath\TsMathUTility.cpp">
      <Filter>ソース ファイル\TsMath\Source</Filter>
    </ClCompile>
    <ClCompile Include="Source\TsMath\TsSkeleton.cpp">
      <Filter>ソース ファイル\TsMath\Source</Filter>
    </ClCompile>
    <ClCompile Include="Source\TsMath\TsCollision .cpp">
      <Filter>ソース ファイル\TsMath\Source</Filter>
    </ClCompile>
    <ClCompile Include="Source\TsMath\TsAABB.cpp">
      <Filter>ソース ファイル\TsMath\Source</Filter>
    </ClCompile>
    <ClCompile Include="Source\TsMath\TsOBB.cpp">
      <Filter>ソース ファイル\TsMath\Source</Filter>
    </ClCompile>
    <ClCompile Include="Source\TsMath\TsTriangle.cpp">
      <Filter>ソース ファイル\TsMath\Source</Filter>
    </ClCompile>
    <ClCompile Include="Source\TsGfx\Geometry\TsColliderRenderObject.cpp">
      <Filter>ソース ファイル\TsGfx\Source\Geometry</Filter>
    </ClCompile>
    <ClCompile Include="Source\TsMath\TsLine.cpp">
      <Filter>ソース ファイル\TsMath\Source</Filter>
    </ClCompile>
    <ClCompile Include="Source\TsMath\TsSphere.cpp">
      <Filter>ソース ファイル\TsMath\Source</Filter>
    </ClCompile>
    <ClCompile Include="Source\TsMath\TsCollisionOctTree.cpp">
      <Filter>ソース ファイル\TsMath\Source</Filter>
    </ClCompile>
    <ClCompile Include="Source\TsMath\TsCollisionQuadTree.cpp">
      <Filter>ソース ファイル\TsMath\Source</Filter>
    </ClCompile>
    <ClCompile Include="Source\TsGfx\Geometry\TsColliderRenderManager.cpp">
      <Filter>ソース ファイル\TsGfx\Source\Geometry</Filter>
    </ClCompile>
    <ClCompile Include="Source\TsGfx\BufferResources\TsInstanceCBuffer.cpp">
      <Filter>ソース ファイル\TsGfx\Source\BufferResource</Filter>
    </ClCompile>
    <ClCompile Include="Source\TsGfx\BufferResources\TsPrimitiveMeshCreater.cpp">
      <Filter>ソース ファイル\TsGfx\Source\BufferResource</Filter>
    </ClCompile>
    <ClCompile Include="Source\TsUT\Loader\stl\TsSTLLoader.cpp">
      <Filter>ソース ファイル\TsUT\Loader\stl</Filter>
    </ClCompile>
    <ClCompile Include="Source\TsUT\Loader\obj\TsObjLoader.cpp">
      <Filter>ソース ファイル\TsUT\Loader\obj</Filter>
    </ClCompile>
    <ClCompile Include="Source\TsUT\Loader\Base\Ts3DModelFileLoader.cpp">
      <Filter>ソース ファイル\TsUT\Loader\base</Filter>
    </ClCompile>
    <ClCompile Include="Source\TsGfx\Geometry\Ts3DMeshConverter.cpp">
      <Filter>ソース ファイル\TsGfx\Source\Geometry</Filter>
    </ClCompile>
    <ClCompile Include="Source\TsUT\Binalizer\TsTransformBinalizer.cpp">
      <Filter>ソース ファイル\TsUT\TsBinalizer</Filter>
    </ClCompile>
    <ClCompile Include="Source\TsUT\Binalizer\TsBinalizerBase.cpp">
      <Filter>ソース ファイル\TsUT\TsBinalizer</Filter>
    </ClCompile>
    <ClCompile Include="Source\TsUT\Binalizer\TsMaterialBinalizer.cpp">
      <Filter>ソース ファイル\TsUT\TsBinalizer</Filter>
    </ClCompile>
    <ClCompile Include="Source\TsUT\Binalizer\Ts3DModelBinalizer.cpp">
      <Filter>ソース ファイル\TsUT\TsBinalizer</Filter>
    </ClCompile>
    <ClCompile Include="Source\TsUT\Binalizer\TsGeometoryBinalizer.cpp">
      <Filter>ソース ファイル\TsUT\TsBinalizer</Filter>
    </ClCompile>
    <ClCompile Include="Source\TsUT\Binalizer\TsSkeletonBinalizer.cpp">
      <Filter>ソース ファイル\TsUT\TsBinalizer</Filter>
    </ClCompile>
    <ClCompile Include="Source\TsMath\TsAnimationKey.cpp">
      <Filter>ソース ファイル\TsMath\Source</Filter>
    </ClCompile>
    <ClCompile Include="Source\TsGfx\ShaderResources\TsTexture.cpp">
      <Filter>ソース ファイル\TsGfx\Source\ShaderResource</Filter>
    </ClCompile>
    <ClCompile Include="Source\TsUT\Loader\ply\TsPlyLoader.cpp">
      <Filter>ソース ファイル\TsUT\Loader\ply</Filter>
    </ClCompile>
    <ClCompile Include="Source\TsUT\TsTimer.cpp">
      <Filter>ソース ファイル\TsUT\Source</Filter>
    </ClCompile>
    <ClCompile Include="Source\TsMath\TsCapsule.cpp">
      <Filter>ソース ファイル\TsMath\Source</Filter>
    </ClCompile>
  </ItemGroup>
  <ItemGroup>
    <ClInclude Include="TSWinEntryPoint.h">
      <Filter>ソース ファイル</Filter>
    </ClInclude>
    <ClInclude Include="Source\TsOS\TsWindowsUtility.h">
      <Filter>ソース ファイル\TsOS</Filter>
    </ClInclude>
    <ClInclude Include="Extern\xna\Xna.h">
      <Filter>ソース ファイル\Extern\xna</Filter>
    </ClInclude>
    <ClInclude Include="Extern\xna\xnamath.h">
      <Filter>ソース ファイル\Extern\xna</Filter>
    </ClInclude>
    <ClInclude Include="Source\TsMath\TsMatrix.h">
      <Filter>ソース ファイル\TsMath\Header</Filter>
    </ClInclude>
    <ClInclude Include="Source\TsMath\TsQuaternion.h">
      <Filter>ソース ファイル\TsMath\Header</Filter>
    </ClInclude>
    <ClInclude Include="Source\TsMath\TsTransForm.h">
      <Filter>ソース ファイル\TsMath\Header</Filter>
    </ClInclude>
    <ClInclude Include="Source\TsMath\TsVector.h">
      <Filter>ソース ファイル\TsMath\Header</Filter>
    </ClInclude>
    <ClInclude Include="Source\TSUT\TsArrayType.h">
      <Filter>ソース ファイル\TsUT\Header</Filter>
    </ClInclude>
    <ClInclude Include="Source\TsUT\TsBinaryFile.h">
      <Filter>ソース ファイル\TsUT\Header</Filter>
    </ClInclude>
    <ClInclude Include="Source\TsUT\TsFileUT.h">
      <Filter>ソース ファイル\TsUT\Header</Filter>
    </ClInclude>
    <ClInclude Include="Source\TsUT\TsHelper.h">
      <Filter>ソース ファイル\TsUT\Header</Filter>
    </ClInclude>
    <ClInclude Include="Source\TSUT\TsLogger.h">
      <Filter>ソース ファイル\TsUT\Header</Filter>
    </ClInclude>
    <ClInclude Include="Source\TSUT\TsType.h">
      <Filter>ソース ファイル\TsUT\Header</Filter>
    </ClInclude>
    <ClInclude Include="Source\TSUT\TsUT.h">
      <Filter>ソース ファイル\TsUT\Header</Filter>
    </ClInclude>
    <ClInclude Include="Source\TsCore\TsCore.h">
      <Filter>ソース ファイル\TsCore</Filter>
    </ClInclude>
    <ClInclude Include="Source\TsUT\TsNameObject.h">
      <Filter>ソース ファイル\TsUT\Header</Filter>
    </ClInclude>
    <ClInclude Include="Source\TsGfx\Material\TsMaterial.h">
      <Filter>ソース ファイル\TsGfx\Source\Material</Filter>
    </ClInclude>
    <ClInclude Include="Source\TsMath\TsMathUTility.h">
      <Filter>ソース ファイル\TsMath\Header</Filter>
    </ClInclude>
    <ClInclude Include="Source\TsMath\TsMath.h">
      <Filter>ソース ファイル\TsMath\Header</Filter>
    </ClInclude>
    <ClInclude Include="Source\TsGfx\Light\TsLight.h">
      <Filter>ソース ファイル\TsGfx\Source\Light</Filter>
    </ClInclude>
    <ClInclude Include="Source\TsGfx\Material\TsScreeSpaceMaterial.h">
      <Filter>ソース ファイル\TsGfx\Source\Material</Filter>
    </ClInclude>
    <ClInclude Include="Source\TsCore\TsApplicationBase.h">
      <Filter>ソース ファイル\TsCore</Filter>
    </ClInclude>
    <ClInclude Include="Source\TsCore\TsResourceManager.h">
      <Filter>ソース ファイル\TsCore</Filter>
    </ClInclude>
    <ClInclude Include="Extern\XML\tinyxml2.h">
      <Filter>ソース ファイル\Extern\XML</Filter>
    </ClInclude>
    <ClInclude Include="TsAfx.h">
      <Filter>ソース ファイル</Filter>
    </ClInclude>
    <ClInclude Include="Source\TsUT\Intarface\ITsHasTransform.h">
      <Filter>ソース ファイル\TsUT\Interface</Filter>
    </ClInclude>
    <ClInclude Include="Source\TsUT\Intarface\ITsStaticNameObjectList.h">
      <Filter>ソース ファイル\TsUT\Interface</Filter>
    </ClInclude>
    <ClInclude Include="Source\TsMath\TsColor.h">
      <Filter>ソース ファイル\TsMath\Header</Filter>
    </ClInclude>
    <ClInclude Include="Source\TsGfx\ShadowMap\TsLisPSM.h">
      <Filter>ソース ファイル\TsGfx\Source\ShadowMap</Filter>
    </ClInclude>
    <ClInclude Include="Source\TsGfx\ShadowMap\TsShadowMapRenderer.h">
      <Filter>ソース ファイル\TsGfx\Source\ShadowMap</Filter>
    </ClInclude>
    <ClInclude Include="Source\TsMath\TsSkeleton.h">
      <Filter>ソース ファイル\TsMath\Header</Filter>
    </ClInclude>
    <ClInclude Include="Source\TsMath\TsBone.h">
      <Filter>ソース ファイル\TsMath\Header</Filter>
    </ClInclude>
    <ClInclude Include="Source\TsUT\TsEASTL.h">
      <Filter>ソース ファイル\TsUT\Header</Filter>
    </ClInclude>
    <ClInclude Include="Source\TsGfx\hlsl\TsDefaultShading_Common.hlsli">
      <Filter>ソース ファイル\TsGfx\hlsl\Header</Filter>
    </ClInclude>
    <ClInclude Include="Source\TsMath\TsSphereMeshCreater.h">
      <Filter>ソース ファイル\TsMath\Header</Filter>
    </ClInclude>
    <ClInclude Include="Source\TsGfx\Animation\TsTransformBakeAnimation.h">
      <Filter>ソース ファイル\TsGfx\Source\Animation</Filter>
    </ClInclude>
    <ClInclude Include="Source\TsGfx\Camera\TsViewport.h">
      <Filter>ソース ファイル\TsGfx\Source\Camera</Filter>
    </ClInclude>
    <ClInclude Include="Source\TsGfx\Camera\TsCamera.h">
      <Filter>ソース ファイル\TsGfx\Source\Camera</Filter>
    </ClInclude>
    <ClInclude Include="Source\TsGfx\Core\TsDx11.h">
      <Filter>ソース ファイル\TsGfx\Source\Core</Filter>
    </ClInclude>
    <ClInclude Include="Source\TsGfx\Core\TsDevice.h">
      <Filter>ソース ファイル\TsGfx\Source\Core</Filter>
    </ClInclude>
    <ClInclude Include="Source\TsGfx\Core\TsDeviceContext.h">
      <Filter>ソース ファイル\TsGfx\Source\Core</Filter>
    </ClInclude>
    <ClInclude Include="Source\TsGfx\Extlibs\TsDirectXTex.h">
      <Filter>ソース ファイル\TsGfx\Source\ExtLibs</Filter>
    </ClInclude>
    <ClInclude Include="Source\TsGfx\Geometry\TsMeshObject.h">
      <Filter>ソース ファイル\TsGfx\Source\Geometry</Filter>
    </ClInclude>
    <ClInclude Include="Source\TsGfx\Geometry\TsScreenObject.h">
      <Filter>ソース ファイル\TsGfx\Source\Geometry</Filter>
    </ClInclude>
    <ClInclude Include="Source\TsGfx\Geometry\TsSkinGeometryObject.h">
      <Filter>ソース ファイル\TsGfx\Source\Geometry</Filter>
    </ClInclude>
    <ClInclude Include="Source\TsGfx\Geometry\TsVertexElement.h">
      <Filter>ソース ファイル\TsGfx\Source\Geometry</Filter>
    </ClInclude>
    <ClInclude Include="Source\TsGfx\Geometry\TsDrawObject.h">
      <Filter>ソース ファイル\TsGfx\Source\Geometry</Filter>
    </ClInclude>
    <ClInclude Include="Source\TsGfx\Geometry\TsGeometryObject.h">
      <Filter>ソース ファイル\TsGfx\Source\Geometry</Filter>
    </ClInclude>
    <ClInclude Include="Source\TsGfx\RenderSystem\TsClearPass.h">
      <Filter>ソース ファイル\TsGfx\Source\RenderSystem</Filter>
    </ClInclude>
    <ClInclude Include="Source\TsGfx\RenderSystem\TsDrawQueue.h">
      <Filter>ソース ファイル\TsGfx\Source\RenderSystem</Filter>
    </ClInclude>
    <ClInclude Include="Source\TsGfx\RenderSystem\TsRenderFlow.h">
      <Filter>ソース ファイル\TsGfx\Source\RenderSystem</Filter>
    </ClInclude>
    <ClInclude Include="Source\TsGfx\RenderSystem\TsRenderPass.h">
      <Filter>ソース ファイル\TsGfx\Source\RenderSystem</Filter>
    </ClInclude>
    <ClInclude Include="Source\TsGfx\RenderSystem\TsRenderSystem.h">
      <Filter>ソース ファイル\TsGfx\Source\RenderSystem</Filter>
    </ClInclude>
    <ClInclude Include="Source\TsGfx\Shader\TsShaderReflection.h">
      <Filter>ソース ファイル\TsGfx\Source\Shader</Filter>
    </ClInclude>
    <ClInclude Include="Source\TsGfx\Shader\TsShaderUT.h">
      <Filter>ソース ファイル\TsGfx\Source\Shader</Filter>
    </ClInclude>
    <ClInclude Include="Source\TsGfx\Shader\TsShader.h">
      <Filter>ソース ファイル\TsGfx\Source\Shader</Filter>
    </ClInclude>
    <ClInclude Include="Source\TsGfx\Shader\TsShaderEffect.h">
      <Filter>ソース ファイル\TsGfx\Source\Shader</Filter>
    </ClInclude>
    <ClInclude Include="Source\TsGfx\ShaderResources\TsDepthStencilView.h">
      <Filter>ソース ファイル\TsGfx\Source\ShaderResource</Filter>
    </ClInclude>
    <ClInclude Include="Source\TsGfx\ShaderResources\TsRasterizerState.h">
      <Filter>ソース ファイル\TsGfx\Source\ShaderResource</Filter>
    </ClInclude>
    <ClInclude Include="Source\TsGfx\ShaderResources\TsRenderTarget.h">
      <Filter>ソース ファイル\TsGfx\Source\ShaderResource</Filter>
    </ClInclude>
    <ClInclude Include="Source\TsGfx\ShaderResources\TsResourceDesc.h">
      <Filter>ソース ファイル\TsGfx\Source\ShaderResource</Filter>
    </ClInclude>
    <ClInclude Include="Source\TsGfx\ShaderResources\TsSamplerState.h">
      <Filter>ソース ファイル\TsGfx\Source\ShaderResource</Filter>
    </ClInclude>
    <ClInclude Include="Source\TsGfx\ShaderResources\TsShaderResource.h">
      <Filter>ソース ファイル\TsGfx\Source\ShaderResource</Filter>
    </ClInclude>
    <ClInclude Include="Source\TsGfx\ShaderResources\TsTexture.h">
      <Filter>ソース ファイル\TsGfx\Source\ShaderResource</Filter>
    </ClInclude>
    <ClInclude Include="Source\TsGfx\ShaderResources\TsDepthStencilState.h">
      <Filter>ソース ファイル\TsGfx\Source\ShaderResource</Filter>
    </ClInclude>
    <ClInclude Include="Source\TsGfx\TsGfx.h">
      <Filter>ソース ファイル\TsGfx\Source</Filter>
    </ClInclude>
    <ClInclude Include="Source\TsGfx\BufferResources\TsBoneCBuffer.h">
      <Filter>ソース ファイル\TsGfx\Source\BufferResource</Filter>
    </ClInclude>
    <ClInclude Include="Source\TsGfx\BufferResources\TsBuffer.h">
      <Filter>ソース ファイル\TsGfx\Source\BufferResource</Filter>
    </ClInclude>
    <ClInclude Include="Source\TsGfx\BufferResources\TsCBuffer.h">
      <Filter>ソース ファイル\TsGfx\Source\BufferResource</Filter>
    </ClInclude>
    <ClInclude Include="Source\TsGfx\BufferResources\TsCommonCBuffer.h">
      <Filter>ソース ファイル\TsGfx\Source\BufferResource</Filter>
    </ClInclude>
    <ClInclude Include="Source\TsGfx\BufferResources\TsIndexBuffer.h">
      <Filter>ソース ファイル\TsGfx\Source\BufferResource</Filter>
    </ClInclude>
    <ClInclude Include="Source\TsGfx\BufferResources\TsTransformCBuffer.h">
      <Filter>ソース ファイル\TsGfx\Source\BufferResource</Filter>
    </ClInclude>
    <ClInclude Include="Source\TsGfx\BufferResources\TsVertex.h">
      <Filter>ソース ファイル\TsGfx\Source\BufferResource</Filter>
    </ClInclude>
    <ClInclude Include="Source\TsGfx\BufferResources\TsVertexBuffer.h">
      <Filter>ソース ファイル\TsGfx\Source\BufferResource</Filter>
    </ClInclude>
    <ClInclude Include="Source\TsUT\Loader\dae\TsColladaLoader.h">
      <Filter>ソース ファイル\TsUT\Loader\Dae</Filter>
    </ClInclude>
    <ClInclude Include="Source\TsUT\Loader\hdr\TsHDRTextureAnalizer.h">
      <Filter>ソース ファイル\TsUT\Loader\hdr</Filter>
    </ClInclude>
    <ClInclude Include="Source\TsUT\Loader\Mqo\TsMqoLoader.h">
      <Filter>ソース ファイル\TsUT\Loader\Mqo</Filter>
    </ClInclude>
    <ClInclude Include="Source\TsUT\Loader\x\TsXLoader.h">
      <Filter>ソース ファイル\TsUT\Loader\X</Filter>
    </ClInclude>
    <ClInclude Include="Source\TsUT\Loader\XML\TsXML.h">
      <Filter>ソース ファイル\TsUT\Loader\Xml</Filter>
    </ClInclude>
    <ClInclude Include="Source\TsUT\Loader\Fbx\TsFbxMesh.h">
      <Filter>ソース ファイル\TsUT\Loader\Fbx\header</Filter>
    </ClInclude>
    <ClInclude Include="Source\TsUT\Loader\Fbx\TsFbxNode.h">
      <Filter>ソース ファイル\TsUT\Loader\Fbx\header</Filter>
    </ClInclude>
    <ClInclude Include="Source\TsUT\Loader\Fbx\TsFbxScene.h">
      <Filter>ソース ファイル\TsUT\Loader\Fbx\header</Filter>
    </ClInclude>
    <ClInclude Include="Source\TsUT\Loader\Fbx\TsFbxType.h">
      <Filter>ソース ファイル\TsUT\Loader\Fbx\header</Filter>
    </ClInclude>
    <ClInclude Include="Source\TsUT\Loader\Fbx\TsFbxAfx.h">
      <Filter>ソース ファイル\TsUT\Loader\Fbx\header</Filter>
    </ClInclude>
    <ClInclude Include="Source\TsUT\Loader\Fbx\TsFbxAnimation.h">
      <Filter>ソース ファイル\TsUT\Loader\Fbx\header</Filter>
    </ClInclude>
    <ClInclude Include="Source\TsUT\Loader\Fbx\TsFbxBlendShape.h">
      <Filter>ソース ファイル\TsUT\Loader\Fbx\header</Filter>
    </ClInclude>
    <ClInclude Include="Source\TsUT\Loader\Fbx\TsFbxContext.h">
      <Filter>ソース ファイル\TsUT\Loader\Fbx\header</Filter>
    </ClInclude>
    <ClInclude Include="Source\TsUT\Loader\Fbx\TsFbxHeader.h">
      <Filter>ソース ファイル\TsUT\Loader\Fbx\header</Filter>
    </ClInclude>
    <ClInclude Include="Source\TsUT\Loader\Fbx\TsFbxLoader.h">
      <Filter>ソース ファイル\TsUT\Loader\Fbx\header</Filter>
    </ClInclude>
    <ClInclude Include="Source\TsUT\Loader\Fbx\TsFbxMaterial.h">
      <Filter>ソース ファイル\TsUT\Loader\Fbx\header</Filter>
    </ClInclude>
    <ClInclude Include="Source\TsGfx\Geometry\TsSkyBox.h">
      <Filter>ソース ファイル\TsGfx\Source\Geometry</Filter>
    </ClInclude>
    <ClInclude Include="Source\TsGfx\ShaderResources\TsBlendStae.h">
      <Filter>ソース ファイル\TsGfx\Source\ShaderResource</Filter>
    </ClInclude>
    <ClInclude Include="Source\TsGfx\BufferResources\TsLightSetCBuffer.h">
      <Filter>ソース ファイル\TsGfx\Source\BufferResource</Filter>
    </ClInclude>
    <ClInclude Include="Source\TsGfx\Geometry\TsPlaneObject.h">
      <Filter>ソース ファイル\TsGfx\Source\Geometry</Filter>
    </ClInclude>
    <ClInclude Include="Source\TsGfx\Material\TsDefaultMaterial.h">
      <Filter>ソース ファイル\TsGfx\Source\Material</Filter>
    </ClInclude>
    <ClInclude Include="Source\TsGfx\ShadowMap\TsLisPSM_LightSrcFace.h">
      <Filter>ソース ファイル\TsGfx\Source\ShadowMap</Filter>
    </ClInclude>
    <ClInclude Include="Source\TsGfx\ShadowMap\TsLisPSM_ViewVolum.h">
      <Filter>ソース ファイル\TsGfx\Source\ShadowMap</Filter>
    </ClInclude>
    <ClInclude Include="Source\TsMath\TsAABB.h">
      <Filter>ソース ファイル\TsMath\Header</Filter>
    </ClInclude>
    <ClInclude Include="Source\TsMath\TsLine.h">
      <Filter>ソース ファイル\TsMath\Header</Filter>
    </ClInclude>
    <ClInclude Include="Source\TsMath\TsCollision.h">
      <Filter>ソース ファイル\TsMath\Header</Filter>
    </ClInclude>
    <ClInclude Include="Source\TsMath\TsSphere.h">
      <Filter>ソース ファイル\TsMath\Header</Filter>
    </ClInclude>
    <ClInclude Include="Source\TsMath\TsOBB.h">
      <Filter>ソース ファイル\TsMath\Header</Filter>
    </ClInclude>
    <ClInclude Include="Source\TsMath\TsTriangle.h">
      <Filter>ソース ファイル\TsMath\Header</Filter>
    </ClInclude>
    <ClInclude Include="Source\TsGfx\Geometry\TsColliderRenderObject.h">
      <Filter>ソース ファイル\TsGfx\Source\Geometry</Filter>
    </ClInclude>
    <ClInclude Include="Source\TsMath\TsCollider.h">
      <Filter>ソース ファイル\TsMath\Header</Filter>
    </ClInclude>
    <ClInclude Include="Source\TsMath\TsCollisionOctTree.h">
      <Filter>ソース ファイル\TsMath\Header</Filter>
    </ClInclude>
    <ClInclude Include="Source\TsMath\TsCollisionQuadTree.h">
      <Filter>ソース ファイル\TsMath\Header</Filter>
    </ClInclude>
    <ClInclude Include="Source\TsGfx\Geometry\TsColliderRenderManager.h">
      <Filter>ソース ファイル\TsGfx\Source\Geometry</Filter>
    </ClInclude>
    <ClInclude Include="Source\TsGfx\BufferResources\TsInstanceCBuffer.h">
      <Filter>ソース ファイル\TsGfx\Source\BufferResource</Filter>
    </ClInclude>
    <ClInclude Include="Source\TsGfx\BufferResources\TsPrimitiveMeshCreater.h">
      <Filter>ソース ファイル\TsGfx\Source\BufferResource</Filter>
    </ClInclude>
    <ClInclude Include="Source\TsUT\Loader\stl\TsSTLLoader.h">
      <Filter>ソース ファイル\TsUT\Loader\stl</Filter>
    </ClInclude>
    <ClInclude Include="Source\TsUT\Loader\obj\TsObjLoader.h">
      <Filter>ソース ファイル\TsUT\Loader\obj</Filter>
    </ClInclude>
    <ClInclude Include="Source\TsUT\Loader\Base\Ts3DModelFileLoader.h">
      <Filter>ソース ファイル\TsUT\Loader\base</Filter>
    </ClInclude>
    <ClInclude Include="Source\TsGfx\Geometry\Ts3DMeshConverter.h">
      <Filter>ソース ファイル\TsGfx\Source\Geometry</Filter>
    </ClInclude>
    <ClInclude Include="Source\TsUT\Binalizer\TsTransformBinalizer.h">
      <Filter>ソース ファイル\TsUT\TsBinalizer</Filter>
    </ClInclude>
    <ClInclude Include="Source\TsUT\Binalizer\TsBinalizerBase.h">
      <Filter>ソース ファイル\TsUT\TsBinalizer</Filter>
    </ClInclude>
    <ClInclude Include="Source\TsUT\Binalizer\TsMaterialBinalizer.h">
      <Filter>ソース ファイル\TsUT\TsBinalizer</Filter>
    </ClInclude>
    <ClInclude Include="Source\TsUT\Binalizer\TsSkeletonBinalizer.h">
      <Filter>ソース ファイル\TsUT\TsBinalizer</Filter>
    </ClInclude>
    <ClInclude Include="Source\TsUT\Binalizer\Ts3DModelBinalizer.h">
      <Filter>ソース ファイル\TsUT\TsBinalizer</Filter>
    </ClInclude>
    <ClInclude Include="Source\TsUT\Binalizer\TsGeometoryBinalizer.h">
      <Filter>ソース ファイル\TsUT\TsBinalizer</Filter>
    </ClInclude>
    <ClInclude Include="Source\TsMath\TsAnimationKey.h">
      <Filter>ソース ファイル\TsMath\Header</Filter>
    </ClInclude>
    <ClInclude Include="Source\TsUT\Loader\ply\TsPlyLoader.h">
      <Filter>ソース ファイル\TsUT\Loader\ply</Filter>
    </ClInclude>
    <ClInclude Include="Source\TsUT\TsGeometoryUT.h">
      <Filter>ソース ファイル\TsUT\Header</Filter>
    </ClInclude>
    <ClInclude Include="Source\TsUT\TsTimer.h">
      <Filter>ソース ファイル\TsUT\Header</Filter>
    </ClInclude>
    <ClInclude Include="Source\TsMath\TsCapsule.h">
      <Filter>ソース ファイル\TsMath\Header</Filter>
    </ClInclude>
  </ItemGroup>
  <ItemGroup>
    <None Include="Extern\xna\xnamathconvert.inl">
      <Filter>ソース ファイル\Extern\xna</Filter>
    </None>
    <None Include="Extern\xna\xnamathmatrix.inl">
      <Filter>ソース ファイル\Extern\xna</Filter>
    </None>
    <None Include="Extern\xna\xnamathmisc.inl">
      <Filter>ソース ファイル\Extern\xna</Filter>
    </None>
    <None Include="Extern\xna\xnamathvector.inl">
      <Filter>ソース ファイル\Extern\xna</Filter>
    </None>
    <None Include="Source\TsGfx\hlsl\ScreenSpace\TsSS_common.hlsli">
      <Filter>ソース ファイル\TsGfx\hlsl\ScreenSpace\Header</Filter>
    </None>
    <None Include="Source\TsGfx\hlsl\TsMath.hlsli">
      <Filter>ソース ファイル\TsGfx\hlsl\Header</Filter>
    </None>
    <None Include="Resource\ShaderResource\shaderResouce.ts_shaderReource">
      <Filter>ソース ファイル\Resource\ShaderResource</Filter>
    </None>
    <None Include="Resource\ShaderPackage\Add.ts_shaderPackage">
      <Filter>ソース ファイル\Resource\ShaderPackage</Filter>
    </None>
    <None Include="Resource\ShaderPackage\Blend.ts_shaderPackage">
      <Filter>ソース ファイル\Resource\ShaderPackage</Filter>
    </None>
    <None Include="Resource\ShaderPackage\GaussX.ts_shaderPackage">
      <Filter>ソース ファイル\Resource\ShaderPackage</Filter>
    </None>
    <None Include="Resource\ShaderPackage\GaussY.ts_shaderPackage">
      <Filter>ソース ファイル\Resource\ShaderPackage</Filter>
    </None>
    <None Include="Resource\ShaderPackage\GBuffer.ts_shaderPackage">
      <Filter>ソース ファイル\Resource\ShaderPackage</Filter>
    </None>
    <None Include="Resource\ShaderPackage\Lambert.ts_shaderPackage">
      <Filter>ソース ファイル\Resource\ShaderPackage</Filter>
    </None>
    <None Include="Resource\ShaderPackage\Laplacian.ts_shaderPackage">
      <Filter>ソース ファイル\Resource\ShaderPackage</Filter>
    </None>
    <None Include="Resource\ShaderPackage\LightPrePass.ts_shaderPackage">
      <Filter>ソース ファイル\Resource\ShaderPackage</Filter>
    </None>
    <None Include="Resource\ShaderPackage\RefrectionMap.ts_shaderPackage">
      <Filter>ソース ファイル\Resource\ShaderPackage</Filter>
    </None>
    <None Include="Resource\ShaderPackage\Screen.ts_shaderPackage">
      <Filter>ソース ファイル\Resource\ShaderPackage</Filter>
    </None>
    <None Include="Resource\ShaderPackage\SkyBox.ts_shaderPackage">
      <Filter>ソース ファイル\Resource\ShaderPackage</Filter>
    </None>
    <None Include="Resource\ShaderPackage\Sobel.ts_shaderPackage">
      <Filter>ソース ファイル\Resource\ShaderPackage</Filter>
    </None>
    <None Include="Resource\ShaderPackage\SSAO.ts_shaderPackage">
      <Filter>ソース ファイル\Resource\ShaderPackage</Filter>
    </None>
    <None Include="Resource\ShaderFlow\flow.ts_shaderflow">
      <Filter>ソース ファイル\Resource\ShaderFlow</Filter>
    </None>
    <None Include="Resource\ShaderFlow\lambert.ts_shaderflow">
      <Filter>ソース ファイル\Resource\ShaderFlow</Filter>
    </None>
    <None Include="Resource\ShaderFlow\postflow.ts_shaderflow">
      <Filter>ソース ファイル\Resource\ShaderFlow</Filter>
    </None>
    <None Include="Resource\ShaderFlow\skyTest.ts_shaderflow">
      <Filter>ソース ファイル\Resource\ShaderFlow</Filter>
    </None>
    <None Include="Resource\RenderSystem\RenderSystem.ts_rs">
      <Filter>ソース ファイル\Resource\RenderSystem</Filter>
    </None>
    <None Include="Resource\ShaderFlow\shadow.ts_shaderflow">
      <Filter>ソース ファイル\Resource\ShaderFlow</Filter>
    </None>
    <None Include="Resource\ShaderPackage\DrawShadow.ts_shaderPackage">
      <Filter>ソース ファイル\Resource\ShaderPackage</Filter>
    </None>
    <None Include="Resource\ShaderFlow\shadowpost.ts_shaderflow">
      <Filter>ソース ファイル\Resource\ShaderFlow</Filter>
    </None>
    <None Include="Resource\ShaderPackage\ShadowMap.ts_shaderPackage">
      <Filter>ソース ファイル\Resource\ShaderPackage</Filter>
    </None>
  </ItemGroup>
  <ItemGroup>
    <FxCompile Include="Source\TsGfx\hlsl\Forward\TsFWLambertVS.hlsl">
      <Filter>ソース ファイル\TsGfx\hlsl\Forward</Filter>
    </FxCompile>
    <FxCompile Include="Source\TsGfx\hlsl\Forward\TsFWLambertPS.hlsl">
      <Filter>ソース ファイル\TsGfx\hlsl\Forward</Filter>
    </FxCompile>
    <FxCompile Include="Source\TsGfx\hlsl\GBuffer\TsGBufferVS.hlsl">
      <Filter>ソース ファイル\TsGfx\hlsl\GBuffer</Filter>
    </FxCompile>
    <FxCompile Include="Source\TsGfx\hlsl\GBuffer\TsGBufferPS.hlsl">
      <Filter>ソース ファイル\TsGfx\hlsl\GBuffer</Filter>
    </FxCompile>
    <FxCompile Include="Source\TsGfx\hlsl\Forward\TsLightPrePassVS.hlsl">
      <Filter>ソース ファイル\TsGfx\hlsl\Forward</Filter>
    </FxCompile>
    <FxCompile Include="Source\TsGfx\hlsl\Forward\TsLightPrePassPS.hlsl">
      <Filter>ソース ファイル\TsGfx\hlsl\Forward</Filter>
    </FxCompile>
    <FxCompile Include="Source\TsGfx\hlsl\ScreenSpace\TsSSDefaultVS.hlsl">
      <Filter>ソース ファイル\TsGfx\hlsl\ScreenSpace\VertexShader</Filter>
    </FxCompile>
    <FxCompile Include="Source\TsGfx\hlsl\ScreenSpace\TsDefferedShadingPS.hlsl">
      <Filter>ソース ファイル\TsGfx\hlsl\ScreenSpace\PixelShader</Filter>
    </FxCompile>
    <FxCompile Include="Source\TsGfx\hlsl\ScreenSpace\TsSSAddPS.hlsl">
      <Filter>ソース ファイル\TsGfx\hlsl\ScreenSpace\PixelShader</Filter>
    </FxCompile>
    <FxCompile Include="Source\TsGfx\hlsl\ScreenSpace\TsSSAOPS.hlsl">
      <Filter>ソース ファイル\TsGfx\hlsl\ScreenSpace\PixelShader</Filter>
    </FxCompile>
    <FxCompile Include="Source\TsGfx\hlsl\ScreenSpace\TsSSBlendPS.hlsl">
      <Filter>ソース ファイル\TsGfx\hlsl\ScreenSpace\PixelShader</Filter>
    </FxCompile>
    <FxCompile Include="Source\TsGfx\hlsl\ScreenSpace\TsSSToneMappingPS.hlsl">
      <Filter>ソース ファイル\TsGfx\hlsl\ScreenSpace\PixelShader</Filter>
    </FxCompile>
    <FxCompile Include="Source\TsGfx\hlsl\ScreenSpace\TsSSXBlurPS.hlsl">
      <Filter>ソース ファイル\TsGfx\hlsl\ScreenSpace\PixelShader</Filter>
    </FxCompile>
    <FxCompile Include="Source\TsGfx\hlsl\ScreenSpace\TsSSYBlurPS.hlsl">
      <Filter>ソース ファイル\TsGfx\hlsl\ScreenSpace\PixelShader</Filter>
    </FxCompile>
    <FxCompile Include="Source\TsGfx\hlsl\ScreenSpace\TsSSLaplacianPS.hlsl">
      <Filter>ソース ファイル\TsGfx\hlsl\ScreenSpace\PixelShader</Filter>
    </FxCompile>
    <FxCompile Include="Source\TsGfx\hlsl\ScreenSpace\TsSSSobelPS.hlsl">
      <Filter>ソース ファイル\TsGfx\hlsl\ScreenSpace\PixelShader</Filter>
    </FxCompile>
    <FxCompile Include="Source\TsGfx\hlsl\ScreenSpace\TsSSScreenPS.hlsl">
      <Filter>ソース ファイル\TsGfx\hlsl\ScreenSpace\PixelShader</Filter>
    </FxCompile>
    <FxCompile Include="Source\TsGfx\hlsl\Forward\TsSkyBoxPS.hlsl">
      <Filter>ソース ファイル\TsGfx\hlsl\Forward</Filter>
    </FxCompile>
    <FxCompile Include="Source\TsGfx\hlsl\Forward\TsSkyBoxVS.hlsl" />
    <FxCompile Include="Source\TsGfx\hlsl\Forward\TsFWRefrectionPS.hlsl">
      <Filter>ソース ファイル\TsGfx\hlsl\Forward</Filter>
    </FxCompile>
    <FxCompile Include="Source\TsGfx\hlsl\Forward\TsFWRefrectionVS.hlsl">
      <Filter>ソース ファイル\TsGfx\hlsl\Forward</Filter>
    </FxCompile>
    <FxCompile Include="Source\TsGfx\hlsl\Forward\TsShadowMapPrePassVS.hlsl">
      <Filter>ソース ファイル\TsGfx\hlsl\Forward</Filter>
    </FxCompile>
    <FxCompile Include="Source\TsGfx\hlsl\Forward\TsShadowMapPrePassPS.hlsl">
      <Filter>ソース ファイル\TsGfx\hlsl\Forward</Filter>
    </FxCompile>
    <FxCompile Include="Source\TsGfx\hlsl\ScreenSpace\TsSSShadowMapPS.hlsl">
      <Filter>ソース ファイル\TsGfx\hlsl\ScreenSpace\PixelShader</Filter>
    </FxCompile>
    <FxCompile Include="Source\TsGfx\hlsl\Particle\TsParticleEmitterCS.hlsl">
      <Filter>ソース ファイル\TsGfx\hlsl\Paticle</Filter>
    </FxCompile>
    <FxCompile Include="Source\TsGfx\hlsl\Particle\TsParticleGS.hlsl">
      <Filter>ソース ファイル\TsGfx\hlsl\Paticle</Filter>
    </FxCompile>
    <FxCompile Include="Source\TsGfx\hlsl\Particle\TsParticlePS.hlsl">
      <Filter>ソース ファイル\TsGfx\hlsl\Paticle</Filter>
    </FxCompile>
    <FxCompile Include="Source\TsGfx\hlsl\Particle\TsParticleUpdateCS.hlsl">
      <Filter>ソース ファイル\TsGfx\hlsl\Paticle</Filter>
    </FxCompile>
    <FxCompile Include="Source\TsGfx\hlsl\Particle\TsParticleVS.hlsl">
      <Filter>ソース ファイル\TsGfx\hlsl\Paticle</Filter>
    </FxCompile>
    <FxCompile Include="Source\TsGfx\hlsl\Particle\TsParticleCommon.hlsli">
      <Filter>ソース ファイル\TsGfx\hlsl\Paticle</Filter>
    </FxCompile>
  </ItemGroup>
</Project>